
Microsoft Visual Studio Solution File, Format Version 12.00
# Visual Studio Version 17
VisualStudioVersion = 17.4.33110.190
MinimumVisualStudioVersion = 10.0.40219.1
Project("{FAE04EC0-301F-11D3-BF4B-00C04F79EFBC}") = "DIExample", "DIExample\DIExample.csproj", "{E27CB663-637C-4AE7-8A46-FB2E110EBCE5}"
EndProject
Global
	GlobalSection(SolutionConfigurationPlatforms) = preSolution
		Debug|Any CPU = Debug|Any CPU
		Release|Any CPU = Release|Any CPU
	EndGlobalSection
	GlobalSection(ProjectConfigurationPlatforms) = postSolution
		{E27CB663-637C-4AE7-8A46-FB2E110EBCE5}.Debug|Any CPU.ActiveCfg = Debug|Any CPU
		{E27CB663-637C-4AE7-8A46-FB2E110EBCE5}.Debug|Any CPU.Build.0 = Debug|Any CPU
		{E27CB663-637C-4AE7-8A46-FB2E110EBCE5}.Release|Any CPU.ActiveCfg = Release|Any CPU
		{E27CB663-637C-4AE7-8A46-FB2E110EBCE5}.Release|Any CPU.Build.0 = Release|Any CPU
	EndGlobalSection
	GlobalSection(SolutionProperties) = preSolution
		HideSolutionNode = FALSE
	EndGlobalSection
	GlobalSection(ExtensibilityGlobals) = postSolution
		SolutionGuid = {E7A5375C-8802-4518-9A3C-07BAE160574B}
	EndGlobalSection
EndGlobal
